
Microsoft Visual Studio Solution File, Format Version 12.00
# Visual Studio 15
VisualStudioVersion = 15.0.27130.2003
MinimumVisualStudioVersion = 10.0.40219.1
Project("{FAE04EC0-301F-11D3-BF4B-00C04F79EFBC}") = "WindowsFormsApp1", "WindowsFormsApp1\WindowsFormsApp1.csproj", "{A5EE873C-F19F-4DF9-B085-13F2E1C1DEDC}"
EndProject
Global
	GlobalSection(SolutionConfigurationPlatforms) = preSolution
		Debug|Any CPU = Debug|Any CPU
		Release|Any CPU = Release|Any CPU
	EndGlobalSection
	GlobalSection(ProjectConfigurationPlatforms) = postSolution
		{A5EE873C-F19F-4DF9-B085-13F2E1C1DEDC}.Debug|Any CPU.ActiveCfg = Debug|Any CPU
		{A5EE873C-F19F-4DF9-B085-13F2E1C1DEDC}.Debug|Any CPU.Build.0 = Debug|Any CPU
		{A5EE873C-F19F-4DF9-B085-13F2E1C1DEDC}.Release|Any CPU.ActiveCfg = Release|Any CPU
		{A5EE873C-F19F-4DF9-B085-13F2E1C1DEDC}.Release|Any CPU.Build.0 = Release|Any CPU
	EndGlobalSection
	GlobalSection(SolutionProperties) = preSolution
		HideSolutionNode = FALSE
	EndGlobalSection
	GlobalSection(ExtensibilityGlobals) = postSolution
		SolutionGuid = {10C700F3-3828-4EC2-B53E-FD4DB3653E80}
	EndGlobalSection
EndGlobal
